
Microsoft Visual Studio Solution File, Format Version 12.00
# Visual Studio Version 17
VisualStudioVersion = 17.4.33205.214
MinimumVisualStudioVersion = 10.0.40219.1
Project("{9A19103F-16F7-4668-BE54-9A1E7A4F7556}") = "Genshin.Downloader", "Genshin.Downloader.csproj", "{098ED35E-1ED1-4952-B35B-11DAE4C4F38C}"
EndProject
Global
	GlobalSection(SolutionConfigurationPlatforms) = preSolution
		Debug|x64 = Debug|x64
		Release|x64 = Release|x64
	EndGlobalSection
	GlobalSection(ProjectConfigurationPlatforms) = postSolution
		{098ED35E-1ED1-4952-B35B-11DAE4C4F38C}.Debug|x64.ActiveCfg = Debug|x64
		{098ED35E-1ED1-4952-B35B-11DAE4C4F38C}.Debug|x64.Build.0 = Debug|x64
		{098ED35E-1ED1-4952-B35B-11DAE4C4F38C}.Release|x64.ActiveCfg = Release|x64
		{098ED35E-1ED1-4952-B35B-11DAE4C4F38C}.Release|x64.Build.0 = Release|x64
	EndGlobalSection
	GlobalSection(SolutionProperties) = preSolution
		HideSolutionNode = FALSE
	EndGlobalSection
	GlobalSection(ExtensibilityGlobals) = postSolution
		SolutionGuid = {00AF3E6D-9582-4F63-9C66-733FE0710F81}
	EndGlobalSection
EndGlobal
