
Microsoft Visual Studio Solution File, Format Version 12.00
# Visual Studio Version 17
VisualStudioVersion = 17.10.35027.167
MinimumVisualStudioVersion = 10.0.40219.1
Project("{9A19103F-16F7-4668-BE54-9A1E7A4F7556}") = "Genshin.Downloader", "Genshin.Downloader.csproj", "{02FE9F46-6B94-43B3-B277-C660EB7F78CC}"
EndProject
Global
	GlobalSection(SolutionConfigurationPlatforms) = preSolution
		Debug|x64 = Debug|x64
		Release|x64 = Release|x64
	EndGlobalSection
	GlobalSection(ProjectConfigurationPlatforms) = postSolution
		{02FE9F46-6B94-43B3-B277-C660EB7F78CC}.Debug|x64.ActiveCfg = Debug|x64
		{02FE9F46-6B94-43B3-B277-C660EB7F78CC}.Debug|x64.Build.0 = Debug|x64
		{02FE9F46-6B94-43B3-B277-C660EB7F78CC}.Release|x64.ActiveCfg = Release|x64
		{02FE9F46-6B94-43B3-B277-C660EB7F78CC}.Release|x64.Build.0 = Release|x64
	EndGlobalSection
	GlobalSection(SolutionProperties) = preSolution
		HideSolutionNode = FALSE
	EndGlobalSection
	GlobalSection(ExtensibilityGlobals) = postSolution
		SolutionGuid = {B0758A73-C140-4C52-8DDE-354A9DDB66FC}
	EndGlobalSection
EndGlobal
